
Microsoft Visual Studio Solution File, Format Version 12.00
Project("{FAE04EC0-301F-11D3-BF4B-00C04F79EFBC}") = "CodeFirstNaKolW7", "CodeFirstNaKolW7\CodeFirstNaKolW7.csproj", "{07460A1F-D7C0-4739-B265-C617AA89E7AB}"
EndProject
Global
	GlobalSection(SolutionConfigurationPlatforms) = preSolution
		Debug|Any CPU = Debug|Any CPU
		Release|Any CPU = Release|Any CPU
	EndGlobalSection
	GlobalSection(ProjectConfigurationPlatforms) = postSolution
		{07460A1F-D7C0-4739-B265-C617AA89E7AB}.Debug|Any CPU.ActiveCfg = Debug|Any CPU
		{07460A1F-D7C0-4739-B265-C617AA89E7AB}.Debug|Any CPU.Build.0 = Debug|Any CPU
		{07460A1F-D7C0-4739-B265-C617AA89E7AB}.Release|Any CPU.ActiveCfg = Release|Any CPU
		{07460A1F-D7C0-4739-B265-C617AA89E7AB}.Release|Any CPU.Build.0 = Release|Any CPU
	EndGlobalSection
EndGlobal
